
Microsoft Visual Studio Solution File, Format Version 12.00
# Visual Studio Version 17
VisualStudioVersion = 17.0.32112.339
MinimumVisualStudioVersion = 10.0.40219.1
Project("{8BC9CEB8-8B4A-11D0-8D11-00A0C91BC942}") = "Lab5_Rodrigo_Pereira_1269521", "Lab5_Rodrigo_Pereira_1269521\Lab5_Rodrigo_Pereira_1269521.vcxproj", "{47FB7954-0378-4308-ADE6-1B3FE51B0270}"
EndProject
Global
	GlobalSection(SolutionConfigurationPlatforms) = preSolution
		Debug|x64 = Debug|x64
		Debug|x86 = Debug|x86
		Release|x64 = Release|x64
		Release|x86 = Release|x86
	EndGlobalSection
	GlobalSection(ProjectConfigurationPlatforms) = postSolution
		{47FB7954-0378-4308-ADE6-1B3FE51B0270}.Debug|x64.ActiveCfg = Debug|x64
		{47FB7954-0378-4308-ADE6-1B3FE51B0270}.Debug|x64.Build.0 = Debug|x64
		{47FB7954-0378-4308-ADE6-1B3FE51B0270}.Debug|x86.ActiveCfg = Debug|Win32
		{47FB7954-0378-4308-ADE6-1B3FE51B0270}.Debug|x86.Build.0 = Debug|Win32
		{47FB7954-0378-4308-ADE6-1B3FE51B0270}.Release|x64.ActiveCfg = Release|x64
		{47FB7954-0378-4308-ADE6-1B3FE51B0270}.Release|x64.Build.0 = Release|x64
		{47FB7954-0378-4308-ADE6-1B3FE51B0270}.Release|x86.ActiveCfg = Release|Win32
		{47FB7954-0378-4308-ADE6-1B3FE51B0270}.Release|x86.Build.0 = Release|Win32
	EndGlobalSection
	GlobalSection(SolutionProperties) = preSolution
		HideSolutionNode = FALSE
	EndGlobalSection
	GlobalSection(ExtensibilityGlobals) = postSolution
		SolutionGuid = {3E82AB3C-7631-4E1A-9D92-A6C5F9ABB297}
	EndGlobalSection
EndGlobal
